<?xml version="1.0" encoding="utf-8"?>
<Project ToolsVersion="4.0" xmlns="http://schemas.microsoft.com/developer/msbuild/2003">
  <ItemGroup>
    <Filter Include="Archivos de origen">
      <UniqueIdentifier>{4FC737F1-C7A5-4376-A066-2A32D752A2FF}</UniqueIdentifier>
      <Extensions>cpp;c;cc;cxx;def;odl;idl;hpj;bat;asm;asmx</Extensions>
    </Filter>
    <Filter Include="Archivos de encabezado">
      <UniqueIdentifier>{93995380-89BD-4b04-88EB-625FBE52EBFB}</UniqueIdentifier>
      <Extensions>h;hh;hpp;hxx;hm;inl;inc;xsd</Extensions>
    </Filter>
    <Filter Include="Archivos de recursos">
      <UniqueIdentifier>{67DA6AB6-F800-4c08-8B7A-83BB121AAD01}</UniqueIdentifier>
      <Extensions>rc;ico;cur;bmp;dlg;rc2;rct;bin;rgs;gif;jpg;jpeg;jpe;resx;tiff;tif;png;wav;mfcribbon-ms</Extensions>
    </Filter>
    <Filter Include="Archivos de recursos\Core">
      <UniqueIdentifier>{1315e06c-9e94-4c9b-8745-34584e7ad73a}</UniqueIdentifier>
    </Filter>
    <Filter Include="Archivos de recursos\Tools">
      <UniqueIdentifier>{a53e9a34-eeed-40b7-9b9a-69f64bfc15dc}</UniqueIdentifier>
    </Filter>
  </ItemGroup>
  <ItemGroup>
    <ClCompile Include="Main.cpp">
      <Filter>Archivos de recursos\Core</Filter>
    </ClCompile>
    <ClCompile Include="App.cpp">
      <Filter>Archivos de recursos\Core</Filter>
    </ClCompile>
    <ClCompile Include="Window.cpp">
      <Filter>Archivos de recursos</Filter>
    </ClCompile>
    <ClCompile Include="Render.cpp">
      <Filter>Archivos de recursos</Filter>
    </ClCompile>
    <ClCompile Include="Input.cpp">
      <Filter>Archivos de recursos</Filter>
    </ClCompile>
  </ItemGroup>
  <ItemGroup>
    <ClInclude Include="Defines.h">
      <Filter>Archivos de recursos\Tools</Filter>
    </ClInclude>
    <ClInclude Include="DynArray.h">
      <Filter>Archivos de recursos\Tools</Filter>
    </ClInclude>
    <ClInclude Include="Module.h">
      <Filter>Archivos de recursos\Core</Filter>
    </ClInclude>
    <ClInclude Include="App.h">
      <Filter>Archivos de recursos\Core</Filter>
    </ClInclude>
    <ClInclude Include="Window.h">
      <Filter>Archivos de recursos</Filter>
    </ClInclude>
    <ClInclude Include="Render.h">
      <Filter>Archivos de recursos</Filter>
    </ClInclude>
    <ClInclude Include="Input.h">
      <Filter>Archivos de recursos</Filter>
    </ClInclude>
  </ItemGroup>
</Project>